
Microsoft Visual Studio Solution File, Format Version 12.00
# Visual Studio Version 17
VisualStudioVersion = 17.0.31903.59
MinimumVisualStudioVersion = 10.0.40219.1
Project("{2150E333-8FDC-42A3-9474-1A3956D46DE8}") = "src", "src", "{0507493F-DE51-4F57-993E-C08CF60A631B}"
EndProject
Project("{FAE04EC0-301F-11D3-BF4B-00C04F79EFBC}") = "AurumTweaks", "src\AurumTweaks\AurumTweaks.csproj", "{5217E6BB-33CF-49F1-AA2F-353CCEF841F7}"
EndProject
Project("{2150E333-8FDC-42A3-9474-1A3956D46DE8}") = "tools", "tools", "{7E159685-409B-4BA3-A80E-2E4A3049B251}"
EndProject
Project("{FAE04EC0-301F-11D3-BF4B-00C04F79EFBC}") = "AurumTweaks.KeyGen", "tools\AurumTweaks.KeyGen\AurumTweaks.KeyGen.csproj", "{056CA90A-9577-4AC0-B2AF-6D9FAACDA566}"
EndProject
Global
	GlobalSection(SolutionConfigurationPlatforms) = preSolution
		Debug|Any CPU = Debug|Any CPU
		Release|Any CPU = Release|Any CPU
	EndGlobalSection
	GlobalSection(SolutionProperties) = preSolution
		HideSolutionNode = FALSE
	EndGlobalSection
	GlobalSection(ProjectConfigurationPlatforms) = postSolution
		{5217E6BB-33CF-49F1-AA2F-353CCEF841F7}.Debug|Any CPU.ActiveCfg = Debug|Any CPU
		{5217E6BB-33CF-49F1-AA2F-353CCEF841F7}.Debug|Any CPU.Build.0 = Debug|Any CPU
		{5217E6BB-33CF-49F1-AA2F-353CCEF841F7}.Release|Any CPU.ActiveCfg = Release|Any CPU
		{5217E6BB-33CF-49F1-AA2F-353CCEF841F7}.Release|Any CPU.Build.0 = Release|Any CPU
		{056CA90A-9577-4AC0-B2AF-6D9FAACDA566}.Debug|Any CPU.ActiveCfg = Debug|x64
		{056CA90A-9577-4AC0-B2AF-6D9FAACDA566}.Debug|Any CPU.Build.0 = Debug|x64
		{056CA90A-9577-4AC0-B2AF-6D9FAACDA566}.Release|Any CPU.ActiveCfg = Release|x64
		{056CA90A-9577-4AC0-B2AF-6D9FAACDA566}.Release|Any CPU.Build.0 = Release|x64
	EndGlobalSection
	GlobalSection(NestedProjects) = preSolution
		{5217E6BB-33CF-49F1-AA2F-353CCEF841F7} = {0507493F-DE51-4F57-993E-C08CF60A631B}
		{056CA90A-9577-4AC0-B2AF-6D9FAACDA566} = {7E159685-409B-4BA3-A80E-2E4A3049B251}
	EndGlobalSection
EndGlobal
